
Microsoft Visual Studio Solution File, Format Version 12.00
# Visual Studio Version 17
VisualStudioVersion = 17.4.33205.214
MinimumVisualStudioVersion = 10.0.40219.1
Project("{FAE04EC0-301F-11D3-BF4B-00C04F79EFBC}") = "ValidateCreditCard", "ValidateCreditCard\ValidateCreditCard.csproj", "{4CFA4998-74DF-48C7-968B-74E647BF4116}"
EndProject
Global
	GlobalSection(SolutionConfigurationPlatforms) = preSolution
		Debug|Any CPU = Debug|Any CPU
		Release|Any CPU = Release|Any CPU
	EndGlobalSection
	GlobalSection(ProjectConfigurationPlatforms) = postSolution
		{4CFA4998-74DF-48C7-968B-74E647BF4116}.Debug|Any CPU.ActiveCfg = Debug|Any CPU
		{4CFA4998-74DF-48C7-968B-74E647BF4116}.Debug|Any CPU.Build.0 = Debug|Any CPU
		{4CFA4998-74DF-48C7-968B-74E647BF4116}.Release|Any CPU.ActiveCfg = Release|Any CPU
		{4CFA4998-74DF-48C7-968B-74E647BF4116}.Release|Any CPU.Build.0 = Release|Any CPU
	EndGlobalSection
	GlobalSection(SolutionProperties) = preSolution
		HideSolutionNode = FALSE
	EndGlobalSection
	GlobalSection(ExtensibilityGlobals) = postSolution
		SolutionGuid = {4722F859-9E53-4014-9031-B66E2BB1DD57}
	EndGlobalSection
EndGlobal
